// !$*UTF8*$!
{
	archiveVersion = 1;
	classes = {
	};
	objectVersion = 77;
	objects = {

/* Begin PBXBuildFile section */
		9088FD892DA9A38800A667A1 /* FirebaseAnalytics in Frameworks */ = {isa = PBXBuildFile; productRef = 9088FD882DA9A38800A667A1 /* FirebaseAnalytics */; };
		9088FD8B2DA9A38800A667A1 /* FirebaseAuth in Frameworks */ = {isa = PBXBuildFile; productRef = 9088FD8A2DA9A38800A667A1 /* FirebaseAuth */; };
		9088FD8D2DA9A38800A667A1 /* FirebaseCore in Frameworks */ = {isa = PBXBuildFile; productRef = 9088FD8C2DA9A38800A667A1 /* FirebaseCore */; };
		9088FD8F2DA9A38800A667A1 /* FirebaseDatabase in Frameworks */ = {isa = PBXBuildFile; productRef = 9088FD8E2DA9A38800A667A1 /* FirebaseDatabase */; };
		9088FD912DA9A38800A667A1 /* FirebaseFirestore in Frameworks */ = {isa = PBXBuildFile; productRef = 9088FD902DA9A38800A667A1 /* FirebaseFirestore */; };
		9088FD932DA9A38800A667A1 /* FirebaseFirestoreCombine-Community in Frameworks */ = {isa = PBXBuildFile; productRef = 9088FD922DA9A38800A667A1 /* FirebaseFirestoreCombine-Community */; };
		9088FD952DA9A38800A667A1 /* FirebaseStorage in Frameworks */ = {isa = PBXBuildFile; productRef = 9088FD942DA9A38800A667A1 /* FirebaseStorage */; };
		90FA51552DAA905B00DED01E /* GoogleGenerativeAI in Frameworks */ = {isa = PBXBuildFile; productRef = 90FA51542DAA905B00DED01E /* GoogleGenerativeAI */; };
/* End PBXBuildFile section */

/* Begin PBXContainerItemProxy section */
		90A36DAD2DA98D15003074AB /* PBXContainerItemProxy */ = {
			isa = PBXContainerItemProxy;
			containerPortal = 90A36D972DA98D14003074AB /* Project object */;
			proxyType = 1;
			remoteGlobalIDString = 90A36D9E2DA98D14003074AB;
			remoteInfo = MaaKosh;
		};
		90A36DB72DA98D15003074AB /* PBXContainerItemProxy */ = {
			isa = PBXContainerItemProxy;
			containerPortal = 90A36D972DA98D14003074AB /* Project object */;
			proxyType = 1;
			remoteGlobalIDString = 90A36D9E2DA98D14003074AB;
			remoteInfo = MaaKosh;
		};
/* End PBXContainerItemProxy section */

/* Begin PBXFileReference section */
		90A36D9F2DA98D14003074AB /* MaaKosh.app */ = {isa = PBXFileReference; explicitFileType = wrapper.application; includeInIndex = 0; path = MaaKosh.app; sourceTree = BUILT_PRODUCTS_DIR; };
		90A36DAC2DA98D15003074AB /* MaaKoshTests.xctest */ = {isa = PBXFileReference; explicitFileType = wrapper.cfbundle; includeInIndex = 0; path = MaaKoshTests.xctest; sourceTree = BUILT_PRODUCTS_DIR; };
		90A36DB62DA98D15003074AB /* MaaKoshUITests.xctest */ = {isa = PBXFileReference; explicitFileType = wrapper.cfbundle; includeInIndex = 0; path = MaaKoshUITests.xctest; sourceTree = BUILT_PRODUCTS_DIR; };
/* End PBXFileReference section */

/* Begin PBXFileSystemSynchronizedRootGroup section */
		90A36DA12DA98D14003074AB /* MaaKosh */ = {
			isa = PBXFileSystemSynchronizedRootGroup;
			path = MaaKosh;
			sourceTree = "<group>";
		};
		90A36DAF2DA98D15003074AB /* MaaKoshTests */ = {
			isa = PBXFileSystemSynchronizedRootGroup;
			path = MaaKoshTests;
			sourceTree = "<group>";
		};
		90A36DB92DA98D15003074AB /* MaaKoshUITests */ = {
			isa = PBXFileSystemSynchronizedRootGroup;
			path = MaaKoshUITests;
			sourceTree = "<group>";
		};
/* End PBXFileSystemSynchronizedRootGroup section */

/* Begin PBXFrameworksBuildPhase section */
		90A36D9C2DA98D14003074AB /* Frameworks */ = {
			isa = PBXFrameworksBuildPhase;
			buildActionMask = 2147483647;
			files = (
				9088FD892DA9A38800A667A1 /* FirebaseAnalytics in Frameworks */,
				9088FD8D2DA9A38800A667A1 /* FirebaseCore in Frameworks */,
				9088FD8F2DA9A38800A667A1 /* FirebaseDatabase in Frameworks */,
				90FA51552DAA905B00DED01E /* GoogleGenerativeAI in Frameworks */,
				9088FD932DA9A38800A667A1 /* FirebaseFirestoreCombine-Community in Frameworks */,
				9088FD952DA9A38800A667A1 /* FirebaseStorage in Frameworks */,
				9088FD912DA9A38800A667A1 /* FirebaseFirestore in Frameworks */,
				9088FD8B2DA9A38800A667A1 /* FirebaseAuth in Frameworks */,
			);
			runOnlyForDeploymentPostprocessing = 0;
		};
		90A36DA92DA98D15003074AB /* Frameworks */ = {
			isa = PBXFrameworksBuildPhase;
			buildActionMask = 2147483647;
			files = (
			);
			runOnlyForDeploymentPostprocessing = 0;
		};
		90A36DB32DA98D15003074AB /* Frameworks */ = {
			isa = PBXFrameworksBuildPhase;
			buildActionMask = 2147483647;
			files = (
			);
			runOnlyForDeploymentPostprocessing = 0;
		};
/* End PBXFrameworksBuildPhase section */

/* Begin PBXGroup section */
		90A36D962DA98D14003074AB = {
			isa = PBXGroup;
			children = (
				90A36DA12DA98D14003074AB /* MaaKosh */,
				90A36DAF2DA98D15003074AB /* MaaKoshTests */,
				90A36DB92DA98D15003074AB /* MaaKoshUITests */,
				90A36DA02DA98D14003074AB /* Products */,
			);
			sourceTree = "<group>";
		};
		90A36DA02DA98D14003074AB /* Products */ = {
			isa = PBXGroup;
			children = (
				90A36D9F2DA98D14003074AB /* MaaKosh.app */,
				90A36DAC2DA98D15003074AB /* MaaKoshTests.xctest */,
				90A36DB62DA98D15003074AB /* MaaKoshUITests.xctest */,
			);
			name = Products;
			sourceTree = "<group>";
		};
/* End PBXGroup section */

/* Begin PBXNativeTarget section */
		90A36D9E2DA98D14003074AB /* MaaKosh */ = {
			isa = PBXNativeTarget;
			buildConfigurationList = 90A36DC02DA98D15003074AB /* Build configuration list for PBXNativeTarget "MaaKosh" */;
			buildPhases = (
				90A36D9B2DA98D14003074AB /* Sources */,
				90A36D9C2DA98D14003074AB /* Frameworks */,
				90A36D9D2DA98D14003074AB /* Resources */,
			);
			buildRules = (
			);
			dependencies = (
			);
			fileSystemSynchronizedGroups = (
				90A36DA12DA98D14003074AB /* MaaKosh */,
			);
			name = MaaKosh;
			packageProductDependencies = (
				9088FD882DA9A38800A667A1 /* FirebaseAnalytics */,
				9088FD8A2DA9A38800A667A1 /* FirebaseAuth */,
				9088FD8C2DA9A38800A667A1 /* FirebaseCore */,
				9088FD8E2DA9A38800A667A1 /* FirebaseDatabase */,
				9088FD902DA9A38800A667A1 /* FirebaseFirestore */,
				9088FD922DA9A38800A667A1 /* FirebaseFirestoreCombine-Community */,
				9088FD942DA9A38800A667A1 /* FirebaseStorage */,
				90FA51542DAA905B00DED01E /* GoogleGenerativeAI */,
			);
			productName = MaaKosh;
			productReference = 90A36D9F2DA98D14003074AB /* MaaKosh.app */;
			productType = "com.apple.product-type.application";
		};
		90A36DAB2DA98D15003074AB /* MaaKoshTests */ = {
			isa = PBXNativeTarget;
			buildConfigurationList = 90A36DC32DA98D15003074AB /* Build configuration list for PBXNativeTarget "MaaKoshTests" */;
			buildPhases = (
				90A36DA82DA98D15003074AB /* Sources */,
				90A36DA92DA98D15003074AB /* Frameworks */,
				90A36DAA2DA98D15003074AB /* Resources */,
			);
			buildRules = (
			);
			dependencies = (
				90A36DAE2DA98D15003074AB /* PBXTargetDependency */,
			);
			fileSystemSynchronizedGroups = (
				90A36DAF2DA98D15003074AB /* MaaKoshTests */,
			);
			name = MaaKoshTests;
			packageProductDependencies = (
			);
			productName = MaaKoshTests;
			productReference = 90A36DAC2DA98D15003074AB /* MaaKoshTests.xctest */;
			productType = "com.apple.product-type.bundle.unit-test";
		};
		90A36DB52DA98D15003074AB /* MaaKoshUITests */ = {
			isa = PBXNativeTarget;
			buildConfigurationList = 90A36DC62DA98D15003074AB /* Build configuration list for PBXNativeTarget "MaaKoshUITests" */;
			buildPhases = (
				90A36DB22DA98D15003074AB /* Sources */,
				90A36DB32DA98D15003074AB /* Frameworks */,
				90A36DB42DA98D15003074AB /* Resources */,
			);
			buildRules = (
			);
			dependencies = (
				90A36DB82DA98D15003074AB /* PBXTargetDependency */,
			);
			fileSystemSynchronizedGroups = (
				90A36DB92DA98D15003074AB /* MaaKoshUITests */,
			);
			name = MaaKoshUITests;
			packageProductDependencies = (
			);
			productName = MaaKoshUITests;
			productReference = 90A36DB62DA98D15003074AB /* MaaKoshUITests.xctest */;
			productType = "com.apple.product-type.bundle.ui-testing";
		};
/* End PBXNativeTarget section */

/* Begin PBXProject section */
		90A36D972DA98D14003074AB /* Project object */ = {
			isa = PBXProject;
			attributes = {
				BuildIndependentTargetsInParallel = 1;
				LastSwiftUpdateCheck = 1630;
				LastUpgradeCheck = 1630;
				TargetAttributes = {
					90A36D9E2DA98D14003074AB = {
						CreatedOnToolsVersion = 16.3;
					};
					90A36DAB2DA98D15003074AB = {
						CreatedOnToolsVersion = 16.3;
						TestTargetID = 90A36D9E2DA98D14003074AB;
					};
					90A36DB52DA98D15003074AB = {
						CreatedOnToolsVersion = 16.3;
						TestTargetID = 90A36D9E2DA98D14003074AB;
					};
				};
			};
			buildConfigurationList = 90A36D9A2DA98D14003074AB /* Build configuration list for PBXProject "MaaKosh" */;
			developmentRegion = en;
			hasScannedForEncodings = 0;
			knownRegions = (
				en,
				Base,
			);
			mainGroup = 90A36D962DA98D14003074AB;
			minimizedProjectReferenceProxies = 1;
			packageReferences = (
				9088FD872DA9A38800A667A1 /* XCRemoteSwiftPackageReference "firebase-ios-sdk" */,
				90FA51532DAA905B00DED01E /* XCRemoteSwiftPackageReference "generative-ai-swift" */,
			);
			preferredProjectObjectVersion = 77;
			productRefGroup = 90A36DA02DA98D14003074AB /* Products */;
			projectDirPath = "";
			projectRoot = "";
			targets = (
				90A36D9E2DA98D14003074AB /* MaaKosh */,
				90A36DAB2DA98D15003074AB /* MaaKoshTests */,
				90A36DB52DA98D15003074AB /* MaaKoshUITests */,
			);
		};
/* End PBXProject section */

/* Begin PBXResourcesBuildPhase section */
		90A36D9D2DA98D14003074AB /* Resources */ = {
			isa = PBXResourcesBuildPhase;
			buildActionMask = 2147483647;
			files = (
			);
			runOnlyForDeploymentPostprocessing = 0;
		};
		90A36DAA2DA98D15003074AB /* Resources */ = {
			isa = PBXResourcesBuildPhase;
			buildActionMask = 2147483647;
			files = (
			);
			runOnlyForDeploymentPostprocessing = 0;
		};
		90A36DB42DA98D15003074AB /* Resources */ = {
			isa = PBXResourcesBuildPhase;
			buildActionMask = 2147483647;
			files = (
			);
			runOnlyForDeploymentPostprocessing = 0;
		};
/* End PBXResourcesBuildPhase section */

/* Begin PBXSourcesBuildPhase section */
		90A36D9B2DA98D14003074AB /* Sources */ = {
			isa = PBXSourcesBuildPhase;
			buildActionMask = 2147483647;
			files = (
			);
			runOnlyForDeploymentPostprocessing = 0;
		};
		90A36DA82DA98D15003074AB /* Sources */ = {
			isa = PBXSourcesBuildPhase;
			buildActionMask = 2147483647;
			files = (
			);
			runOnlyForDeploymentPostprocessing = 0;
		};
		90A36DB22DA98D15003074AB /* Sources */ = {
			isa = PBXSourcesBuildPhase;
			buildActionMask = 2147483647;
			files = (
			);
			runOnlyForDeploymentPostprocessing = 0;
		};
/* End PBXSourcesBuildPhase section */

/* Begin PBXTargetDependency section */
		90A36DAE2DA98D15003074AB /* PBXTargetDependency */ = {
			isa = PBXTargetDependency;
			target = 90A36D9E2DA98D14003074AB /* MaaKosh */;
			targetProxy = 90A36DAD2DA98D15003074AB /* PBXContainerItemProxy */;
		};
		90A36DB82DA98D15003074AB /* PBXTargetDependency */ = {
			isa = PBXTargetDependency;
			target = 90A36D9E2DA98D14003074AB /* MaaKosh */;
			targetProxy = 90A36DB72DA98D15003074AB /* PBXContainerItemProxy */;
		};
/* End PBXTargetDependency section */

/* Begin XCBuildConfiguration section */
		90A36DBE2DA98D15003074AB /* Debug */ = {
			isa = XCBuildConfiguration;
			buildSettings = {
				ALWAYS_SEARCH_USER_PATHS = NO;
				ASSETCATALOG_COMPILER_GENERATE_SWIFT_ASSET_SYMBOL_EXTENSIONS = YES;
				CLANG_ANALYZER_NONNULL = YES;
				CLANG_ANALYZER_NUMBER_OBJECT_CONVERSION = YES_AGGRESSIVE;
				CLANG_CXX_LANGUAGE_STANDARD = "gnu++20";
				CLANG_ENABLE_MODULES = YES;
				CLANG_ENABLE_OBJC_ARC = YES;
				CLANG_ENABLE_OBJC_WEAK = YES;
				CLANG_WARN_BLOCK_CAPTURE_AUTORELEASING = YES;
				CLANG_WARN_BOOL_CONVERSION = YES;
				CLANG_WARN_COMMA = YES;
				CLANG_WARN_CONSTANT_CONVERSION = YES;
				CLANG_WARN_DEPRECATED_OBJC_IMPLEMENTATIONS = YES;
				CLANG_WARN_DIRECT_OBJC_ISA_USAGE = YES_ERROR;
				CLANG_WARN_DOCUMENTATION_COMMENTS = YES;
				CLANG_WARN_EMPTY_BODY = YES;
				CLANG_WARN_ENUM_CONVERSION = YES;
				CLANG_WARN_INFINITE_RECURSION = YES;
				CLANG_WARN_INT_CONVERSION = YES;
				CLANG_WARN_NON_LITERAL_NULL_CONVERSION = YES;
				CLANG_WARN_OBJC_IMPLICIT_RETAIN_SELF = YES;
				CLANG_WARN_OBJC_LITERAL_CONVERSION = YES;
				CLANG_WARN_OBJC_ROOT_CLASS = YES_ERROR;
				CLANG_WARN_QUOTED_INCLUDE_IN_FRAMEWORK_HEADER = YES;
				CLANG_WARN_RANGE_LOOP_ANALYSIS = YES;
				CLANG_WARN_STRICT_PROTOTYPES = YES;
				CLANG_WARN_SUSPICIOUS_MOVE = YES;
				CLANG_WARN_UNGUARDED_AVAILABILITY = YES_AGGRESSIVE;
				CLANG_WARN_UNREACHABLE_CODE = YES;
				CLANG_WARN__DUPLICATE_METHOD_MATCH = YES;
				COPY_PHASE_STRIP = NO;
				DEBUG_INFORMATION_FORMAT = dwarf;
				DEVELOPMENT_TEAM = 8D5D6HU857;
				ENABLE_STRICT_OBJC_MSGSEND = YES;
				ENABLE_TESTABILITY = YES;
				ENABLE_USER_SCRIPT_SANDBOXING = YES;
				GCC_C_LANGUAGE_STANDARD = gnu17;
				GCC_DYNAMIC_NO_PIC = NO;
				GCC_NO_COMMON_BLOCKS = YES;
				GCC_OPTIMIZATION_LEVEL = 0;
				GCC_PREPROCESSOR_DEFINITIONS = (
					"DEBUG=1",
					"$(inherited)",
				);
				GCC_WARN_64_TO_32_BIT_CONVERSION = YES;
				GCC_WARN_ABOUT_RETURN_TYPE = YES_ERROR;
				GCC_WARN_UNDECLARED_SELECTOR = YES;
				GCC_WARN_UNINITIALIZED_AUTOS = YES_AGGRESSIVE;
				GCC_WARN_UNUSED_FUNCTION = YES;
				GCC_WARN_UNUSED_VARIABLE = YES;
				IPHONEOS_DEPLOYMENT_TARGET = 18.4;
				LOCALIZATION_PREFERS_STRING_CATALOGS = YES;
				MTL_ENABLE_DEBUG_INFO = INCLUDE_SOURCE;
				MTL_FAST_MATH = YES;
				ONLY_ACTIVE_ARCH = YES;
				SDKROOT = iphoneos;
				SWIFT_ACTIVE_COMPILATION_CONDITIONS = "DEBUG $(inherited)";
				SWIFT_OPTIMIZATION_LEVEL = "-Onone";
			};
			name = Debug;
		};
		90A36DBF2DA98D15003074AB /* Release */ = {
			isa = XCBuildConfiguration;
			buildSettings = {
				ALWAYS_SEARCH_USER_PATHS = NO;
				ASSETCATALOG_COMPILER_GENERATE_SWIFT_ASSET_SYMBOL_EXTENSIONS = YES;
				CLANG_ANALYZER_NONNULL = YES;
				CLANG_ANALYZER_NUMBER_OBJECT_CONVERSION = YES_AGGRESSIVE;
				CLANG_CXX_LANGUAGE_STANDARD = "gnu++20";
				CLANG_ENABLE_MODULES = YES;
				CLANG_ENABLE_OBJC_ARC = YES;
				CLANG_ENABLE_OBJC_WEAK = YES;
				CLANG_WARN_BLOCK_CAPTURE_AUTORELEASING = YES;
				CLANG_WARN_BOOL_CONVERSION = YES;
				CLANG_WARN_COMMA = YES;
				CLANG_WARN_CONSTANT_CONVERSION = YES;
				CLANG_WARN_DEPRECATED_OBJC_IMPLEMENTATIONS = YES;
				CLANG_WARN_DIRECT_OBJC_ISA_USAGE = YES_ERROR;
				CLANG_WARN_DOCUMENTATION_COMMENTS = YES;
				CLANG_WARN_EMPTY_BODY = YES;
				CLANG_WARN_ENUM_CONVERSION = YES;
				CLANG_WARN_INFINITE_RECURSION = YES;
				CLANG_WARN_INT_CONVERSION = YES;
				CLANG_WARN_NON_LITERAL_NULL_CONVERSION = YES;
				CLANG_WARN_OBJC_IMPLICIT_RETAIN_SELF = YES;
				CLANG_WARN_OBJC_LITERAL_CONVERSION = YES;
				CLANG_WARN_OBJC_ROOT_CLASS = YES_ERROR;
				CLANG_WARN_QUOTED_INCLUDE_IN_FRAMEWORK_HEADER = YES;
				CLANG_WARN_RANGE_LOOP_ANALYSIS = YES;
				CLANG_WARN_STRICT_PROTOTYPES = YES;
				CLANG_WARN_SUSPICIOUS_MOVE = YES;
				CLANG_WARN_UNGUARDED_AVAILABILITY = YES_AGGRESSIVE;
				CLANG_WARN_UNREACHABLE_CODE = YES;
				CLANG_WARN__DUPLICATE_METHOD_MATCH = YES;
				COPY_PHASE_STRIP = NO;
				DEBUG_INFORMATION_FORMAT = "dwarf-with-dsym";
				DEVELOPMENT_TEAM = 8D5D6HU857;
				ENABLE_NS_ASSERTIONS = NO;
				ENABLE_STRICT_OBJC_MSGSEND = YES;
				ENABLE_USER_SCRIPT_SANDBOXING = YES;
				GCC_C_LANGUAGE_STANDARD = gnu17;
				GCC_NO_COMMON_BLOCKS = YES;
				GCC_WARN_64_TO_32_BIT_CONVERSION = YES;
				GCC_WARN_ABOUT_RETURN_TYPE = YES_ERROR;
				GCC_WARN_UNDECLARED_SELECTOR = YES;
				GCC_WARN_UNINITIALIZED_AUTOS = YES_AGGRESSIVE;
				GCC_WARN_UNUSED_FUNCTION = YES;
				GCC_WARN_UNUSED_VARIABLE = YES;
				IPHONEOS_DEPLOYMENT_TARGET = 18.4;
				LOCALIZATION_PREFERS_STRING_CATALOGS = YES;
				MTL_ENABLE_DEBUG_INFO = NO;
				MTL_FAST_MATH = YES;
				SDKROOT = iphoneos;
				SWIFT_COMPILATION_MODE = wholemodule;
				VALIDATE_PRODUCT = YES;
			};
			name = Release;
		};
		90A36DC12DA98D15003074AB /* Debug */ = {
			isa = XCBuildConfiguration;
			buildSettings = {
				ASSETCATALOG_COMPILER_APPICON_NAME = AppIcon;
				ASSETCATALOG_COMPILER_GLOBAL_ACCENT_COLOR_NAME = AccentColor;
				CODE_SIGN_STYLE = Automatic;
				CURRENT_PROJECT_VERSION = 1;
				DEVELOPMENT_TEAM = 8D5D6HU857;
				ENABLE_PREVIEWS = YES;
				GENERATE_INFOPLIST_FILE = YES;
				INFOPLIST_KEY_UIApplicationSceneManifest_Generation = YES;
				INFOPLIST_KEY_UIApplicationSupportsIndirectInputEvents = YES;
				INFOPLIST_KEY_UILaunchScreen_Generation = YES;
				INFOPLIST_KEY_UISupportedInterfaceOrientations_iPad = "UIInterfaceOrientationPortrait UIInterfaceOrientationPortraitUpsideDown UIInterfaceOrientationLandscapeLeft UIInterfaceOrientationLandscapeRight";
				INFOPLIST_KEY_UISupportedInterfaceOrientations_iPhone = "UIInterfaceOrientationPortrait UIInterfaceOrientationLandscapeLeft UIInterfaceOrientationLandscapeRight";
				LD_RUNPATH_SEARCH_PATHS = (
					"$(inherited)",
					"@executable_path/Frameworks",
				);
				MARKETING_VERSION = 1.0;
				PRODUCT_BUNDLE_IDENTIFIER = Manu.MaaKosh;
				PRODUCT_NAME = "$(TARGET_NAME)";
				SWIFT_EMIT_LOC_STRINGS = YES;
				SWIFT_VERSION = 5.0;
				TARGETED_DEVICE_FAMILY = "1,2";
			};
			name = Debug;
		};
		90A36DC22DA98D15003074AB /* Release */ = {
			isa = XCBuildConfiguration;
			buildSettings = {
				ASSETCATALOG_COMPILER_APPICON_NAME = AppIcon;
				ASSETCATALOG_COMPILER_GLOBAL_ACCENT_COLOR_NAME = AccentColor;
				CODE_SIGN_STYLE = Automatic;
				CURRENT_PROJECT_VERSION = 1;
				DEVELOPMENT_TEAM = 8D5D6HU857;
				ENABLE_PREVIEWS = YES;
				GENERATE_INFOPLIST_FILE = YES;
				INFOPLIST_KEY_UIApplicationSceneManifest_Generation = YES;
				INFOPLIST_KEY_UIApplicationSupportsIndirectInputEvents = YES;
				INFOPLIST_KEY_UILaunchScreen_Generation = YES;
				INFOPLIST_KEY_UISupportedInterfaceOrientations_iPad = "UIInterfaceOrientationPortrait UIInterfaceOrientationPortraitUpsideDown UIInterfaceOrientationLandscapeLeft UIInterfaceOrientationLandscapeRight";
				INFOPLIST_KEY_UISupportedInterfaceOrientations_iPhone = "UIInterfaceOrientationPortrait UIInterfaceOrientationLandscapeLeft UIInterfaceOrientationLandscapeRight";
				LD_RUNPATH_SEARCH_PATHS = (
					"$(inherited)",
					"@executable_path/Frameworks",
				);
				MARKETING_VERSION = 1.0;
				PRODUCT_BUNDLE_IDENTIFIER = Manu.MaaKosh;
				PRODUCT_NAME = "$(TARGET_NAME)";
				SWIFT_EMIT_LOC_STRINGS = YES;
				SWIFT_VERSION = 5.0;
				TARGETED_DEVICE_FAMILY = "1,2";
			};
			name = Release;
		};
		90A36DC42DA98D15003074AB /* Debug */ = {
			isa = XCBuildConfiguration;
			buildSettings = {
				BUNDLE_LOADER = "$(TEST_HOST)";
				CODE_SIGN_STYLE = Automatic;
				CURRENT_PROJECT_VERSION = 1;
				DEVELOPMENT_TEAM = 8D5D6HU857;
				GENERATE_INFOPLIST_FILE = YES;
				IPHONEOS_DEPLOYMENT_TARGET = 18.4;
				MARKETING_VERSION = 1.0;
				PRODUCT_BUNDLE_IDENTIFIER = Manu.MaaKoshTests;
				PRODUCT_NAME = "$(TARGET_NAME)";
				SWIFT_EMIT_LOC_STRINGS = NO;
				SWIFT_VERSION = 5.0;
				TARGETED_DEVICE_FAMILY = "1,2";
				TEST_HOST = "$(BUILT_PRODUCTS_DIR)/MaaKosh.app/$(BUNDLE_EXECUTABLE_FOLDER_PATH)/MaaKosh";
			};
			name = Debug;
		};
		90A36DC52DA98D15003074AB /* Release */ = {
			isa = XCBuildConfiguration;
			buildSettings = {
				BUNDLE_LOADER = "$(TEST_HOST)";
				CODE_SIGN_STYLE = Automatic;
				CURRENT_PROJECT_VERSION = 1;
				DEVELOPMENT_TEAM = 8D5D6HU857;
				GENERATE_INFOPLIST_FILE = YES;
				IPHONEOS_DEPLOYMENT_TARGET = 18.4;
				MARKETING_VERSION = 1.0;
				PRODUCT_BUNDLE_IDENTIFIER = Manu.MaaKoshTests;
				PRODUCT_NAME = "$(TARGET_NAME)";
				SWIFT_EMIT_LOC_STRINGS = NO;
				SWIFT_VERSION = 5.0;
				TARGETED_DEVICE_FAMILY = "1,2";
				TEST_HOST = "$(BUILT_PRODUCTS_DIR)/MaaKosh.app/$(BUNDLE_EXECUTABLE_FOLDER_PATH)/MaaKosh";
			};
			name = Release;
		};
		90A36DC72DA98D15003074AB /* Debug */ = {
			isa = XCBuildConfiguration;
			buildSettings = {
				CODE_SIGN_STYLE = Automatic;
				CURRENT_PROJECT_VERSION = 1;
				DEVELOPMENT_TEAM = 8D5D6HU857;
				GENERATE_INFOPLIST_FILE = YES;
				MARKETING_VERSION = 1.0;
				PRODUCT_BUNDLE_IDENTIFIER = Manu.MaaKoshUITests;
				PRODUCT_NAME = "$(TARGET_NAME)";
				SWIFT_EMIT_LOC_STRINGS = NO;
				SWIFT_VERSION = 5.0;
				TARGETED_DEVICE_FAMILY = "1,2";
				TEST_TARGET_NAME = MaaKosh;
			};
			name = Debug;
		};
		90A36DC82DA98D15003074AB /* Release */ = {
			isa = XCBuildConfiguration;
			buildSettings = {
				CODE_SIGN_STYLE = Automatic;
				CURRENT_PROJECT_VERSION = 1;
				DEVELOPMENT_TEAM = 8D5D6HU857;
				GENERATE_INFOPLIST_FILE = YES;
				MARKETING_VERSION = 1.0;
				PRODUCT_BUNDLE_IDENTIFIER = Manu.MaaKoshUITests;
				PRODUCT_NAME = "$(TARGET_NAME)";
				SWIFT_EMIT_LOC_STRINGS = NO;
				SWIFT_VERSION = 5.0;
				TARGETED_DEVICE_FAMILY = "1,2";
				TEST_TARGET_NAME = MaaKosh;
			};
			name = Release;
		};
/* End XCBuildConfiguration section */

/* Begin XCConfigurationList section */
		90A36D9A2DA98D14003074AB /* Build configuration list for PBXProject "MaaKosh" */ = {
			isa = XCConfigurationList;
			buildConfigurations = (
				90A36DBE2DA98D15003074AB /* Debug */,
				90A36DBF2DA98D15003074AB /* Release */,
			);
			defaultConfigurationIsVisible = 0;
			defaultConfigurationName = Release;
		};
		90A36DC02DA98D15003074AB /* Build configuration list for PBXNativeTarget "MaaKosh" */ = {
			isa = XCConfigurationList;
			buildConfigurations = (
				90A36DC12DA98D15003074AB /* Debug */,
				90A36DC22DA98D15003074AB /* Release */,
			);
			defaultConfigurationIsVisible = 0;
			defaultConfigurationName = Release;
		};
		90A36DC32DA98D15003074AB /* Build configuration list for PBXNativeTarget "MaaKoshTests" */ = {
			isa = XCConfigurationList;
			buildConfigurations = (
				90A36DC42DA98D15003074AB /* Debug */,
				90A36DC52DA98D15003074AB /* Release */,
			);
			defaultConfigurationIsVisible = 0;
			defaultConfigurationName = Release;
		};
		90A36DC62DA98D15003074AB /* Build configuration list for PBXNativeTarget "MaaKoshUITests" */ = {
			isa = XCConfigurationList;
			buildConfigurations = (
				90A36DC72DA98D15003074AB /* Debug */,
				90A36DC82DA98D15003074AB /* Release */,
			);
			defaultConfigurationIsVisible = 0;
			defaultConfigurationName = Release;
		};
/* End XCConfigurationList section */

/* Begin XCRemoteSwiftPackageReference section */
		9088FD872DA9A38800A667A1 /* XCRemoteSwiftPackageReference "firebase-ios-sdk" */ = {
			isa = XCRemoteSwiftPackageReference;
			repositoryURL = "https://github.com/firebase/firebase-ios-sdk.git";
			requirement = {
				kind = upToNextMajorVersion;
				minimumVersion = 11.11.0;
			};
		};
		90FA51532DAA905B00DED01E /* XCRemoteSwiftPackageReference "generative-ai-swift" */ = {
			isa = XCRemoteSwiftPackageReference;
			repositoryURL = "https://github.com/google/generative-ai-swift";
			requirement = {
				kind = upToNextMajorVersion;
				minimumVersion = 0.5.6;
			};
		};
/* End XCRemoteSwiftPackageReference section */

/* Begin XCSwiftPackageProductDependency section */
		9088FD882DA9A38800A667A1 /* FirebaseAnalytics */ = {
			isa = XCSwiftPackageProductDependency;
			package = 9088FD872DA9A38800A667A1 /* XCRemoteSwiftPackageReference "firebase-ios-sdk" */;
			productName = FirebaseAnalytics;
		};
		9088FD8A2DA9A38800A667A1 /* FirebaseAuth */ = {
			isa = XCSwiftPackageProductDependency;
			package = 9088FD872DA9A38800A667A1 /* XCRemoteSwiftPackageReference "firebase-ios-sdk" */;
			productName = FirebaseAuth;
		};
		9088FD8C2DA9A38800A667A1 /* FirebaseCore */ = {
			isa = XCSwiftPackageProductDependency;
			package = 9088FD872DA9A38800A667A1 /* XCRemoteSwiftPackageReference "firebase-ios-sdk" */;
			productName = FirebaseCore;
		};
		9088FD8E2DA9A38800A667A1 /* FirebaseDatabase */ = {
			isa = XCSwiftPackageProductDependency;
			package = 9088FD872DA9A38800A667A1 /* XCRemoteSwiftPackageReference "firebase-ios-sdk" */;
			productName = FirebaseDatabase;
		};
		9088FD902DA9A38800A667A1 /* FirebaseFirestore */ = {
			isa = XCSwiftPackageProductDependency;
			package = 9088FD872DA9A38800A667A1 /* XCRemoteSwiftPackageReference "firebase-ios-sdk" */;
			productName = FirebaseFirestore;
		};
		9088FD922DA9A38800A667A1 /* FirebaseFirestoreCombine-Community */ = {
			isa = XCSwiftPackageProductDependency;
			package = 9088FD872DA9A38800A667A1 /* XCRemoteSwiftPackageReference "firebase-ios-sdk" */;
			productName = "FirebaseFirestoreCombine-Community";
		};
		9088FD942DA9A38800A667A1 /* FirebaseStorage */ = {
			isa = XCSwiftPackageProductDependency;
			package = 9088FD872DA9A38800A667A1 /* XCRemoteSwiftPackageReference "firebase-ios-sdk" */;
			productName = FirebaseStorage;
		};
		90FA51542DAA905B00DED01E /* GoogleGenerativeAI */ = {
			isa = XCSwiftPackageProductDependency;
			package = 90FA51532DAA905B00DED01E /* XCRemoteSwiftPackageReference "generative-ai-swift" */;
			productName = GoogleGenerativeAI;
		};
/* End XCSwiftPackageProductDependency section */
	};
	rootObject = 90A36D972DA98D14003074AB /* Project object */;
}
